
Microsoft Visual Studio Solution File, Format Version 12.00
# Visual Studio Version 17
VisualStudioVersion = 17.2.32616.157
MinimumVisualStudioVersion = 10.0.40219.1
Project("{FAE04EC0-301F-11D3-BF4B-00C04F79EFBC}") = "eClerx.Question2.Kallem", "eClerx.Question2.Kallem\eClerx.Question2.Kallem.csproj", "{2DF96A76-019E-4933-B39B-0FA5A80BA606}"
EndProject
Global
	GlobalSection(SolutionConfigurationPlatforms) = preSolution
		Debug|Any CPU = Debug|Any CPU
		Release|Any CPU = Release|Any CPU
	EndGlobalSection
	GlobalSection(ProjectConfigurationPlatforms) = postSolution
		{2DF96A76-019E-4933-B39B-0FA5A80BA606}.Debug|Any CPU.ActiveCfg = Debug|Any CPU
		{2DF96A76-019E-4933-B39B-0FA5A80BA606}.Debug|Any CPU.Build.0 = Debug|Any CPU
		{2DF96A76-019E-4933-B39B-0FA5A80BA606}.Release|Any CPU.ActiveCfg = Release|Any CPU
		{2DF96A76-019E-4933-B39B-0FA5A80BA606}.Release|Any CPU.Build.0 = Release|Any CPU
	EndGlobalSection
	GlobalSection(SolutionProperties) = preSolution
		HideSolutionNode = FALSE
	EndGlobalSection
	GlobalSection(ExtensibilityGlobals) = postSolution
		SolutionGuid = {6B751B39-51AB-4A9F-825C-8448B5D10130}
	EndGlobalSection
EndGlobal
